
Microsoft Visual Studio Solution File, Format Version 12.00
# Visual Studio Version 17
VisualStudioVersion = 17.5.33627.172
MinimumVisualStudioVersion = 10.0.40219.1
Project("{2150E333-8FDC-42A3-9474-1A3956D46DE8}") = "Solution Items", "Solution Items", "{F1D54F9B-269C-409C-BD47-5821AE4575CB}"
	ProjectSection(SolutionItems) = preProject
		README.md = README.md
	EndProjectSection
EndProject
Project("{FAE04EC0-301F-11D3-BF4B-00C04F79EFBC}") = "FibonacciSum", "FibonacciSum\FibonacciSum.csproj", "{347852AC-139E-42E5-8BD5-0A066A212F27}"
EndProject
Project("{FAE04EC0-301F-11D3-BF4B-00C04F79EFBC}") = "CircularPrime", "CircularPrime\CircularPrime.csproj", "{526E996A-0C4F-49E9-937F-9D5EF7BB1AD8}"
EndProject
Project("{FAE04EC0-301F-11D3-BF4B-00C04F79EFBC}") = "MorseDecode", "MorseDecode\MorseDecode.csproj", "{DA254A3F-8EA4-4DBD-ABC6-026B3CD3210E}"
EndProject
Project("{FAE04EC0-301F-11D3-BF4B-00C04F79EFBC}") = "LeastSquaresRegressionLine", "LeastSquaresRegressionLine\LeastSquaresRegressionLine.csproj", "{C0445417-428D-4B1C-87D8-9583257E525E}"
EndProject
Global
	GlobalSection(SolutionConfigurationPlatforms) = preSolution
		Debug|Any CPU = Debug|Any CPU
		Release|Any CPU = Release|Any CPU
	EndGlobalSection
	GlobalSection(ProjectConfigurationPlatforms) = postSolution
		{347852AC-139E-42E5-8BD5-0A066A212F27}.Debug|Any CPU.ActiveCfg = Debug|Any CPU
		{347852AC-139E-42E5-8BD5-0A066A212F27}.Debug|Any CPU.Build.0 = Debug|Any CPU
		{347852AC-139E-42E5-8BD5-0A066A212F27}.Release|Any CPU.ActiveCfg = Release|Any CPU
		{347852AC-139E-42E5-8BD5-0A066A212F27}.Release|Any CPU.Build.0 = Release|Any CPU
		{526E996A-0C4F-49E9-937F-9D5EF7BB1AD8}.Debug|Any CPU.ActiveCfg = Debug|Any CPU
		{526E996A-0C4F-49E9-937F-9D5EF7BB1AD8}.Debug|Any CPU.Build.0 = Debug|Any CPU
		{526E996A-0C4F-49E9-937F-9D5EF7BB1AD8}.Release|Any CPU.ActiveCfg = Release|Any CPU
		{526E996A-0C4F-49E9-937F-9D5EF7BB1AD8}.Release|Any CPU.Build.0 = Release|Any CPU
		{DA254A3F-8EA4-4DBD-ABC6-026B3CD3210E}.Debug|Any CPU.ActiveCfg = Debug|Any CPU
		{DA254A3F-8EA4-4DBD-ABC6-026B3CD3210E}.Debug|Any CPU.Build.0 = Debug|Any CPU
		{DA254A3F-8EA4-4DBD-ABC6-026B3CD3210E}.Release|Any CPU.ActiveCfg = Release|Any CPU
		{DA254A3F-8EA4-4DBD-ABC6-026B3CD3210E}.Release|Any CPU.Build.0 = Release|Any CPU
		{C0445417-428D-4B1C-87D8-9583257E525E}.Debug|Any CPU.ActiveCfg = Debug|Any CPU
		{C0445417-428D-4B1C-87D8-9583257E525E}.Debug|Any CPU.Build.0 = Debug|Any CPU
		{C0445417-428D-4B1C-87D8-9583257E525E}.Release|Any CPU.ActiveCfg = Release|Any CPU
		{C0445417-428D-4B1C-87D8-9583257E525E}.Release|Any CPU.Build.0 = Release|Any CPU
	EndGlobalSection
	GlobalSection(SolutionProperties) = preSolution
		HideSolutionNode = FALSE
	EndGlobalSection
	GlobalSection(ExtensibilityGlobals) = postSolution
		SolutionGuid = {FE2EB703-73D5-4EAA-A3DB-AAA9760FED16}
	EndGlobalSection
EndGlobal
